// !$*UTF8*$!
{
	archiveVersion = 1;
	classes = {
	};
	objectVersion = 50;
	objects = {

/* Begin PBXBuildFile section */
		77C0BD03220ADAF500000DC2 /* AppDelegate.swift in Sources */ = {isa = PBXBuildFile; fileRef = 77C0BD02220ADAF500000DC2 /* AppDelegate.swift */; };
		77C0BD05220ADAF500000DC2 /* ViewController.swift in Sources */ = {isa = PBXBuildFile; fileRef = 77C0BD04220ADAF500000DC2 /* ViewController.swift */; };
		77C0BD08220ADAF500000DC2 /* Main.storyboard in Resources */ = {isa = PBXBuildFile; fileRef = 77C0BD06220ADAF500000DC2 /* Main.storyboard */; };
		77C0BD0A220ADAF800000DC2 /* Assets.xcassets in Resources */ = {isa = PBXBuildFile; fileRef = 77C0BD09220ADAF800000DC2 /* Assets.xcassets */; };
		77C0BD0D220ADAF800000DC2 /* LaunchScreen.storyboard in Resources */ = {isa = PBXBuildFile; fileRef = 77C0BD0B220ADAF800000DC2 /* LaunchScreen.storyboard */; };
		77C0BD18220ADAF800000DC2 /* BMITests.swift in Sources */ = {isa = PBXBuildFile; fileRef = 77C0BD17220ADAF800000DC2 /* BMITests.swift */; };
		77C0BD23220ADAF800000DC2 /* BMIUITests.swift in Sources */ = {isa = PBXBuildFile; fileRef = 77C0BD22220ADAF800000DC2 /* BMIUITests.swift */; };
		77C0BD33220C12C000000DC2 /* Screen Shot 2562-02-07 at 14.04.49.png in Resources */ = {isa = PBXBuildFile; fileRef = 77C0BD32220C12C000000DC2 /* Screen Shot 2562-02-07 at 14.04.49.png */; };
		77C0BD40220C163B00000DC2 /* OverWeight.png in Resources */ = {isa = PBXBuildFile; fileRef = 77C0BD3C220C163A00000DC2 /* OverWeight.png */; };
		77C0BD41220C163B00000DC2 /* Healthy.png in Resources */ = {isa = PBXBuildFile; fileRef = 77C0BD3D220C163A00000DC2 /* Healthy.png */; };
		77C0BD42220C163B00000DC2 /* UnderWeight.png in Resources */ = {isa = PBXBuildFile; fileRef = 77C0BD3E220C163B00000DC2 /* UnderWeight.png */; };
		77C0BD43220C163B00000DC2 /* Obese.png in Resources */ = {isa = PBXBuildFile; fileRef = 77C0BD3F220C163B00000DC2 /* Obese.png */; };
/* End PBXBuildFile section */

/* Begin PBXContainerItemProxy section */
		77C0BD14220ADAF800000DC2 /* PBXContainerItemProxy */ = {
			isa = PBXContainerItemProxy;
			containerPortal = 77C0BCF7220ADAF500000DC2 /* Project object */;
			proxyType = 1;
			remoteGlobalIDString = 77C0BCFE220ADAF500000DC2;
			remoteInfo = BMI;
		};
		77C0BD1F220ADAF800000DC2 /* PBXContainerItemProxy */ = {
			isa = PBXContainerItemProxy;
			containerPortal = 77C0BCF7220ADAF500000DC2 /* Project object */;
			proxyType = 1;
			remoteGlobalIDString = 77C0BCFE220ADAF500000DC2;
			remoteInfo = BMI;
		};
/* End PBXContainerItemProxy section */

/* Begin PBXFileReference section */
		77C0BCFF220ADAF500000DC2 /* BMI.app */ = {isa = PBXFileReference; explicitFileType = wrapper.application; includeInIndex = 0; path = BMI.app; sourceTree = BUILT_PRODUCTS_DIR; };
		77C0BD02220ADAF500000DC2 /* AppDelegate.swift */ = {isa = PBXFileReference; lastKnownFileType = sourcecode.swift; path = AppDelegate.swift; sourceTree = "<group>"; };
		77C0BD04220ADAF500000DC2 /* ViewController.swift */ = {isa = PBXFileReference; lastKnownFileType = sourcecode.swift; path = ViewController.swift; sourceTree = "<group>"; };
		77C0BD07220ADAF500000DC2 /* Base */ = {isa = PBXFileReference; lastKnownFileType = file.storyboard; name = Base; path = Base.lproj/Main.storyboard; sourceTree = "<group>"; };
		77C0BD09220ADAF800000DC2 /* Assets.xcassets */ = {isa = PBXFileReference; lastKnownFileType = folder.assetcatalog; path = Assets.xcassets; sourceTree = "<group>"; };
		77C0BD0C220ADAF800000DC2 /* Base */ = {isa = PBXFileReference; lastKnownFileType = file.storyboard; name = Base; path = Base.lproj/LaunchScreen.storyboard; sourceTree = "<group>"; };
		77C0BD0E220ADAF800000DC2 /* Info.plist */ = {isa = PBXFileReference; lastKnownFileType = text.plist.xml; path = Info.plist; sourceTree = "<group>"; };
		77C0BD13220ADAF800000DC2 /* BMITests.xctest */ = {isa = PBXFileReference; explicitFileType = wrapper.cfbundle; includeInIndex = 0; path = BMITests.xctest; sourceTree = BUILT_PRODUCTS_DIR; };
		77C0BD17220ADAF800000DC2 /* BMITests.swift */ = {isa = PBXFileReference; lastKnownFileType = sourcecode.swift; path = BMITests.swift; sourceTree = "<group>"; };
		77C0BD19220ADAF800000DC2 /* Info.plist */ = {isa = PBXFileReference; lastKnownFileType = text.plist.xml; path = Info.plist; sourceTree = "<group>"; };
		77C0BD1E220ADAF800000DC2 /* BMIUITests.xctest */ = {isa = PBXFileReference; explicitFileType = wrapper.cfbundle; includeInIndex = 0; path = BMIUITests.xctest; sourceTree = BUILT_PRODUCTS_DIR; };
		77C0BD22220ADAF800000DC2 /* BMIUITests.swift */ = {isa = PBXFileReference; lastKnownFileType = sourcecode.swift; path = BMIUITests.swift; sourceTree = "<group>"; };
		77C0BD24220ADAF800000DC2 /* Info.plist */ = {isa = PBXFileReference; lastKnownFileType = text.plist.xml; path = Info.plist; sourceTree = "<group>"; };
		77C0BD32220C12C000000DC2 /* Screen Shot 2562-02-07 at 14.04.49.png */ = {isa = PBXFileReference; lastKnownFileType = image.png; name = "Screen Shot 2562-02-07 at 14.04.49.png"; path = "../../../../Downloads/Screen Shot 2562-02-07 at 14.04.49.png"; sourceTree = "<group>"; };
		77C0BD3C220C163A00000DC2 /* OverWeight.png */ = {isa = PBXFileReference; lastKnownFileType = image.png; name = OverWeight.png; path = ../../../../Downloads/OverWeight.png; sourceTree = "<group>"; };
		77C0BD3D220C163A00000DC2 /* Healthy.png */ = {isa = PBXFileReference; lastKnownFileType = image.png; name = Healthy.png; path = ../../../../Downloads/Healthy.png; sourceTree = "<group>"; };
		77C0BD3E220C163B00000DC2 /* UnderWeight.png */ = {isa = PBXFileReference; lastKnownFileType = image.png; name = UnderWeight.png; path = ../../../../Downloads/UnderWeight.png; sourceTree = "<group>"; };
		77C0BD3F220C163B00000DC2 /* Obese.png */ = {isa = PBXFileReference; lastKnownFileType = image.png; name = Obese.png; path = ../../../../Downloads/Obese.png; sourceTree = "<group>"; };
/* End PBXFileReference section */

/* Begin PBXFrameworksBuildPhase section */
		77C0BCFC220ADAF500000DC2 /* Frameworks */ = {
			isa = PBXFrameworksBuildPhase;
			buildActionMask = 2147483647;
			files = (
			);
			runOnlyForDeploymentPostprocessing = 0;
		};
		77C0BD10220ADAF800000DC2 /* Frameworks */ = {
			isa = PBXFrameworksBuildPhase;
			buildActionMask = 2147483647;
			files = (
			);
			runOnlyForDeploymentPostprocessing = 0;
		};
		77C0BD1B220ADAF800000DC2 /* Frameworks */ = {
			isa = PBXFrameworksBuildPhase;
			buildActionMask = 2147483647;
			files = (
			);
			runOnlyForDeploymentPostprocessing = 0;
		};
/* End PBXFrameworksBuildPhase section */

/* Begin PBXGroup section */
		77C0BCF6220ADAF500000DC2 = {
			isa = PBXGroup;
			children = (
				77C0BD01220ADAF500000DC2 /* BMI */,
				77C0BD16220ADAF800000DC2 /* BMITests */,
				77C0BD21220ADAF800000DC2 /* BMIUITests */,
				77C0BD00220ADAF500000DC2 /* Products */,
			);
			sourceTree = "<group>";
		};
		77C0BD00220ADAF500000DC2 /* Products */ = {
			isa = PBXGroup;
			children = (
				77C0BCFF220ADAF500000DC2 /* BMI.app */,
				77C0BD13220ADAF800000DC2 /* BMITests.xctest */,
				77C0BD1E220ADAF800000DC2 /* BMIUITests.xctest */,
			);
			name = Products;
			sourceTree = "<group>";
		};
		77C0BD01220ADAF500000DC2 /* BMI */ = {
			isa = PBXGroup;
			children = (
				77C0BD3D220C163A00000DC2 /* Healthy.png */,
				77C0BD3F220C163B00000DC2 /* Obese.png */,
				77C0BD3C220C163A00000DC2 /* OverWeight.png */,
				77C0BD3E220C163B00000DC2 /* UnderWeight.png */,
				77C0BD32220C12C000000DC2 /* Screen Shot 2562-02-07 at 14.04.49.png */,
				77C0BD02220ADAF500000DC2 /* AppDelegate.swift */,
				77C0BD04220ADAF500000DC2 /* ViewController.swift */,
				77C0BD06220ADAF500000DC2 /* Main.storyboard */,
				77C0BD09220ADAF800000DC2 /* Assets.xcassets */,
				77C0BD0B220ADAF800000DC2 /* LaunchScreen.storyboard */,
				77C0BD0E220ADAF800000DC2 /* Info.plist */,
			);
			path = BMI;
			sourceTree = "<group>";
		};
		77C0BD16220ADAF800000DC2 /* BMITests */ = {
			isa = PBXGroup;
			children = (
				77C0BD17220ADAF800000DC2 /* BMITests.swift */,
				77C0BD19220ADAF800000DC2 /* Info.plist */,
			);
			path = BMITests;
			sourceTree = "<group>";
		};
		77C0BD21220ADAF800000DC2 /* BMIUITests */ = {
			isa = PBXGroup;
			children = (
				77C0BD22220ADAF800000DC2 /* BMIUITests.swift */,
				77C0BD24220ADAF800000DC2 /* Info.plist */,
			);
			path = BMIUITests;
			sourceTree = "<group>";
		};
/* End PBXGroup section */

/* Begin PBXNativeTarget section */
		77C0BCFE220ADAF500000DC2 /* BMI */ = {
			isa = PBXNativeTarget;
			buildConfigurationList = 77C0BD27220ADAF800000DC2 /* Build configuration list for PBXNativeTarget "BMI" */;
			buildPhases = (
				77C0BCFB220ADAF500000DC2 /* Sources */,
				77C0BCFC220ADAF500000DC2 /* Frameworks */,
				77C0BCFD220ADAF500000DC2 /* Resources */,
			);
			buildRules = (
			);
			dependencies = (
			);
			name = BMI;
			productName = BMI;
			productReference = 77C0BCFF220ADAF500000DC2 /* BMI.app */;
			productType = "com.apple.product-type.application";
		};
		77C0BD12220ADAF800000DC2 /* BMITests */ = {
			isa = PBXNativeTarget;
			buildConfigurationList = 77C0BD2A220ADAF800000DC2 /* Build configuration list for PBXNativeTarget "BMITests" */;
			buildPhases = (
				77C0BD0F220ADAF800000DC2 /* Sources */,
				77C0BD10220ADAF800000DC2 /* Frameworks */,
				77C0BD11220ADAF800000DC2 /* Resources */,
			);
			buildRules = (
			);
			dependencies = (
				77C0BD15220ADAF800000DC2 /* PBXTargetDependency */,
			);
			name = BMITests;
			productName = BMITests;
			productReference = 77C0BD13220ADAF800000DC2 /* BMITests.xctest */;
			productType = "com.apple.product-type.bundle.unit-test";
		};
		77C0BD1D220ADAF800000DC2 /* BMIUITests */ = {
			isa = PBXNativeTarget;
			buildConfigurationList = 77C0BD2D220ADAF800000DC2 /* Build configuration list for PBXNativeTarget "BMIUITests" */;
			buildPhases = (
				77C0BD1A220ADAF800000DC2 /* Sources */,
				77C0BD1B220ADAF800000DC2 /* Frameworks */,
				77C0BD1C220ADAF800000DC2 /* Resources */,
			);
			buildRules = (
			);
			dependencies = (
				77C0BD20220ADAF800000DC2 /* PBXTargetDependency */,
			);
			name = BMIUITests;
			productName = BMIUITests;
			productReference = 77C0BD1E220ADAF800000DC2 /* BMIUITests.xctest */;
			productType = "com.apple.product-type.bundle.ui-testing";
		};
/* End PBXNativeTarget section */

/* Begin PBXProject section */
		77C0BCF7220ADAF500000DC2 /* Project object */ = {
			isa = PBXProject;
			attributes = {
				LastSwiftUpdateCheck = 1000;
				LastUpgradeCheck = 1000;
				ORGANIZATIONNAME = "Narongsak Chobsri";
				TargetAttributes = {
					77C0BCFE220ADAF500000DC2 = {
						CreatedOnToolsVersion = 10.0;
					};
					77C0BD12220ADAF800000DC2 = {
						CreatedOnToolsVersion = 10.0;
						TestTargetID = 77C0BCFE220ADAF500000DC2;
					};
					77C0BD1D220ADAF800000DC2 = {
						CreatedOnToolsVersion = 10.0;
						TestTargetID = 77C0BCFE220ADAF500000DC2;
					};
				};
			};
			buildConfigurationList = 77C0BCFA220ADAF500000DC2 /* Build configuration list for PBXProject "BMI" */;
			compatibilityVersion = "Xcode 9.3";
			developmentRegion = en;
			hasScannedForEncodings = 0;
			knownRegions = (
				en,
				Base,
			);
			mainGroup = 77C0BCF6220ADAF500000DC2;
			productRefGroup = 77C0BD00220ADAF500000DC2 /* Products */;
			projectDirPath = "";
			projectRoot = "";
			targets = (
				77C0BCFE220ADAF500000DC2 /* BMI */,
				77C0BD12220ADAF800000DC2 /* BMITests */,
				77C0BD1D220ADAF800000DC2 /* BMIUITests */,
			);
		};
/* End PBXProject section */

/* Begin PBXResourcesBuildPhase section */
		77C0BCFD220ADAF500000DC2 /* Resources */ = {
			isa = PBXResourcesBuildPhase;
			buildActionMask = 2147483647;
			files = (
				77C0BD33220C12C000000DC2 /* Screen Shot 2562-02-07 at 14.04.49.png in Resources */,
				77C0BD0D220ADAF800000DC2 /* LaunchScreen.storyboard in Resources */,
				77C0BD43220C163B00000DC2 /* Obese.png in Resources */,
				77C0BD42220C163B00000DC2 /* UnderWeight.png in Resources */,
				77C0BD40220C163B00000DC2 /* OverWeight.png in Resources */,
				77C0BD41220C163B00000DC2 /* Healthy.png in Resources */,
				77C0BD0A220ADAF800000DC2 /* Assets.xcassets in Resources */,
				77C0BD08220ADAF500000DC2 /* Main.storyboard in Resources */,
			);
			runOnlyForDeploymentPostprocessing = 0;
		};
		77C0BD11220ADAF800000DC2 /* Resources */ = {
			isa = PBXResourcesBuildPhase;
			buildActionMask = 2147483647;
			files = (
			);
			runOnlyForDeploymentPostprocessing = 0;
		};
		77C0BD1C220ADAF800000DC2 /* Resources */ = {
			isa = PBXResourcesBuildPhase;
			buildActionMask = 2147483647;
			files = (
			);
			runOnlyForDeploymentPostprocessing = 0;
		};
/* End PBXResourcesBuildPhase section */

/* Begin PBXSourcesBuildPhase section */
		77C0BCFB220ADAF500000DC2 /* Sources */ = {
			isa = PBXSourcesBuildPhase;
			buildActionMask = 2147483647;
			files = (
				77C0BD05220ADAF500000DC2 /* ViewController.swift in Sources */,
				77C0BD03220ADAF500000DC2 /* AppDelegate.swift in Sources */,
			);
			runOnlyForDeploymentPostprocessing = 0;
		};
		77C0BD0F220ADAF800000DC2 /* Sources */ = {
			isa = PBXSourcesBuildPhase;
			buildActionMask = 2147483647;
			files = (
				77C0BD18220ADAF800000DC2 /* BMITests.swift in Sources */,
			);
			runOnlyForDeploymentPostprocessing = 0;
		};
		77C0BD1A220ADAF800000DC2 /* Sources */ = {
			isa = PBXSourcesBuildPhase;
			buildActionMask = 2147483647;
			files = (
				77C0BD23220ADAF800000DC2 /* BMIUITests.swift in Sources */,
			);
			runOnlyForDeploymentPostprocessing = 0;
		};
/* End PBXSourcesBuildPhase section */

/* Begin PBXTargetDependency section */
		77C0BD15220ADAF800000DC2 /* PBXTargetDependency */ = {
			isa = PBXTargetDependency;
			target = 77C0BCFE220ADAF500000DC2 /* BMI */;
			targetProxy = 77C0BD14220ADAF800000DC2 /* PBXContainerItemProxy */;
		};
		77C0BD20220ADAF800000DC2 /* PBXTargetDependency */ = {
			isa = PBXTargetDependency;
			target = 77C0BCFE220ADAF500000DC2 /* BMI */;
			targetProxy = 77C0BD1F220ADAF800000DC2 /* PBXContainerItemProxy */;
		};
/* End PBXTargetDependency section */

/* Begin PBXVariantGroup section */
		77C0BD06220ADAF500000DC2 /* Main.storyboard */ = {
			isa = PBXVariantGroup;
			children = (
				77C0BD07220ADAF500000DC2 /* Base */,
			);
			name = Main.storyboard;
			sourceTree = "<group>";
		};
		77C0BD0B220ADAF800000DC2 /* LaunchScreen.storyboard */ = {
			isa = PBXVariantGroup;
			children = (
				77C0BD0C220ADAF800000DC2 /* Base */,
			);
			name = LaunchScreen.storyboard;
			sourceTree = "<group>";
		};
/* End PBXVariantGroup section */

/* Begin XCBuildConfiguration section */
		77C0BD25220ADAF800000DC2 /* Debug */ = {
			isa = XCBuildConfiguration;
			buildSettings = {
				ALWAYS_SEARCH_USER_PATHS = NO;
				CLANG_ANALYZER_NONNULL = YES;
				CLANG_ANALYZER_NUMBER_OBJECT_CONVERSION = YES_AGGRESSIVE;
				CLANG_CXX_LANGUAGE_STANDARD = "gnu++14";
				CLANG_CXX_LIBRARY = "libc++";
				CLANG_ENABLE_MODULES = YES;
				CLANG_ENABLE_OBJC_ARC = YES;
				CLANG_ENABLE_OBJC_WEAK = YES;
				CLANG_WARN_BLOCK_CAPTURE_AUTORELEASING = YES;
				CLANG_WARN_BOOL_CONVERSION = YES;
				CLANG_WARN_COMMA = YES;
				CLANG_WARN_CONSTANT_CONVERSION = YES;
				CLANG_WARN_DEPRECATED_OBJC_IMPLEMENTATIONS = YES;
				CLANG_WARN_DIRECT_OBJC_ISA_USAGE = YES_ERROR;
				CLANG_WARN_DOCUMENTATION_COMMENTS = YES;
				CLANG_WARN_EMPTY_BODY = YES;
				CLANG_WARN_ENUM_CONVERSION = YES;
				CLANG_WARN_INFINITE_RECURSION = YES;
				CLANG_WARN_INT_CONVERSION = YES;
				CLANG_WARN_NON_LITERAL_NULL_CONVERSION = YES;
				CLANG_WARN_OBJC_IMPLICIT_RETAIN_SELF = YES;
				CLANG_WARN_OBJC_LITERAL_CONVERSION = YES;
				CLANG_WARN_OBJC_ROOT_CLASS = YES_ERROR;
				CLANG_WARN_RANGE_LOOP_ANALYSIS = YES;
				CLANG_WARN_STRICT_PROTOTYPES = YES;
				CLANG_WARN_SUSPICIOUS_MOVE = YES;
				CLANG_WARN_UNGUARDED_AVAILABILITY = YES_AGGRESSIVE;
				CLANG_WARN_UNREACHABLE_CODE = YES;
				CLANG_WARN__DUPLICATE_METHOD_MATCH = YES;
				CODE_SIGN_IDENTITY = "iPhone Developer";
				COPY_PHASE_STRIP = NO;
				DEBUG_INFORMATION_FORMAT = dwarf;
				ENABLE_STRICT_OBJC_MSGSEND = YES;
				ENABLE_TESTABILITY = YES;
				GCC_C_LANGUAGE_STANDARD = gnu11;
				GCC_DYNAMIC_NO_PIC = NO;
				GCC_NO_COMMON_BLOCKS = YES;
				GCC_OPTIMIZATION_LEVEL = 0;
				GCC_PREPROCESSOR_DEFINITIONS = (
					"DEBUG=1",
					"$(inherited)",
				);
				GCC_WARN_64_TO_32_BIT_CONVERSION = YES;
				GCC_WARN_ABOUT_RETURN_TYPE = YES_ERROR;
				GCC_WARN_UNDECLARED_SELECTOR = YES;
				GCC_WARN_UNINITIALIZED_AUTOS = YES_AGGRESSIVE;
				GCC_WARN_UNUSED_FUNCTION = YES;
				GCC_WARN_UNUSED_VARIABLE = YES;
				IPHONEOS_DEPLOYMENT_TARGET = 12.0;
				MTL_ENABLE_DEBUG_INFO = INCLUDE_SOURCE;
				MTL_FAST_MATH = YES;
				ONLY_ACTIVE_ARCH = YES;
				SDKROOT = iphoneos;
				SWIFT_ACTIVE_COMPILATION_CONDITIONS = DEBUG;
				SWIFT_OPTIMIZATION_LEVEL = "-Onone";
			};
			name = Debug;
		};
		77C0BD26220ADAF800000DC2 /* Release */ = {
			isa = XCBuildConfiguration;
			buildSettings = {
				ALWAYS_SEARCH_USER_PATHS = NO;
				CLANG_ANALYZER_NONNULL = YES;
				CLANG_ANALYZER_NUMBER_OBJECT_CONVERSION = YES_AGGRESSIVE;
				CLANG_CXX_LANGUAGE_STANDARD = "gnu++14";
				CLANG_CXX_LIBRARY = "libc++";
				CLANG_ENABLE_MODULES = YES;
				CLANG_ENABLE_OBJC_ARC = YES;
				CLANG_ENABLE_OBJC_WEAK = YES;
				CLANG_WARN_BLOCK_CAPTURE_AUTORELEASING = YES;
				CLANG_WARN_BOOL_CONVERSION = YES;
				CLANG_WARN_COMMA = YES;
				CLANG_WARN_CONSTANT_CONVERSION = YES;
				CLANG_WARN_DEPRECATED_OBJC_IMPLEMENTATIONS = YES;
				CLANG_WARN_DIRECT_OBJC_ISA_USAGE = YES_ERROR;
				CLANG_WARN_DOCUMENTATION_COMMENTS = YES;
				CLANG_WARN_EMPTY_BODY = YES;
				CLANG_WARN_ENUM_CONVERSION = YES;
				CLANG_WARN_INFINITE_RECURSION = YES;
				CLANG_WARN_INT_CONVERSION = YES;
				CLANG_WARN_NON_LITERAL_NULL_CONVERSION = YES;
				CLANG_WARN_OBJC_IMPLICIT_RETAIN_SELF = YES;
				CLANG_WARN_OBJC_LITERAL_CONVERSION = YES;
				CLANG_WARN_OBJC_ROOT_CLASS = YES_ERROR;
				CLANG_WARN_RANGE_LOOP_ANALYSIS = YES;
				CLANG_WARN_STRICT_PROTOTYPES = YES;
				CLANG_WARN_SUSPICIOUS_MOVE = YES;
				CLANG_WARN_UNGUARDED_AVAILABILITY = YES_AGGRESSIVE;
				CLANG_WARN_UNREACHABLE_CODE = YES;
				CLANG_WARN__DUPLICATE_METHOD_MATCH = YES;
				CODE_SIGN_IDENTITY = "iPhone Developer";
				COPY_PHASE_STRIP = NO;
				DEBUG_INFORMATION_FORMAT = "dwarf-with-dsym";
				ENABLE_NS_ASSERTIONS = NO;
				ENABLE_STRICT_OBJC_MSGSEND = YES;
				GCC_C_LANGUAGE_STANDARD = gnu11;
				GCC_NO_COMMON_BLOCKS = YES;
				GCC_WARN_64_TO_32_BIT_CONVERSION = YES;
				GCC_WARN_ABOUT_RETURN_TYPE = YES_ERROR;
				GCC_WARN_UNDECLARED_SELECTOR = YES;
				GCC_WARN_UNINITIALIZED_AUTOS = YES_AGGRESSIVE;
				GCC_WARN_UNUSED_FUNCTION = YES;
				GCC_WARN_UNUSED_VARIABLE = YES;
				IPHONEOS_DEPLOYMENT_TARGET = 12.0;
				MTL_ENABLE_DEBUG_INFO = NO;
				MTL_FAST_MATH = YES;
				SDKROOT = iphoneos;
				SWIFT_COMPILATION_MODE = wholemodule;
				SWIFT_OPTIMIZATION_LEVEL = "-O";
				VALIDATE_PRODUCT = YES;
			};
			name = Release;
		};
		77C0BD28220ADAF800000DC2 /* Debug */ = {
			isa = XCBuildConfiguration;
			buildSettings = {
				ASSETCATALOG_COMPILER_APPICON_NAME = AppIcon;
				CODE_SIGN_STYLE = Automatic;
				INFOPLIST_FILE = BMI/Info.plist;
				LD_RUNPATH_SEARCH_PATHS = (
					"$(inherited)",
					"@executable_path/Frameworks",
				);
				PRODUCT_BUNDLE_IDENTIFIER = com.narongsak.BMI;
				PRODUCT_NAME = "$(TARGET_NAME)";
				SWIFT_VERSION = 4.2;
				TARGETED_DEVICE_FAMILY = "1,2";
			};
			name = Debug;
		};
		77C0BD29220ADAF800000DC2 /* Release */ = {
			isa = XCBuildConfiguration;
			buildSettings = {
				ASSETCATALOG_COMPILER_APPICON_NAME = AppIcon;
				CODE_SIGN_STYLE = Automatic;
				INFOPLIST_FILE = BMI/Info.plist;
				LD_RUNPATH_SEARCH_PATHS = (
					"$(inherited)",
					"@executable_path/Frameworks",
				);
				PRODUCT_BUNDLE_IDENTIFIER = com.narongsak.BMI;
				PRODUCT_NAME = "$(TARGET_NAME)";
				SWIFT_VERSION = 4.2;
				TARGETED_DEVICE_FAMILY = "1,2";
			};
			name = Release;
		};
		77C0BD2B220ADAF800000DC2 /* Debug */ = {
			isa = XCBuildConfiguration;
			buildSettings = {
				ALWAYS_EMBED_SWIFT_STANDARD_LIBRARIES = YES;
				BUNDLE_LOADER = "$(TEST_HOST)";
				CODE_SIGN_STYLE = Automatic;
				INFOPLIST_FILE = BMITests/Info.plist;
				LD_RUNPATH_SEARCH_PATHS = (
					"$(inherited)",
					"@executable_path/Frameworks",
					"@loader_path/Frameworks",
				);
				PRODUCT_BUNDLE_IDENTIFIER = com.narongsak.BMITests;
				PRODUCT_NAME = "$(TARGET_NAME)";
				SWIFT_VERSION = 4.2;
				TARGETED_DEVICE_FAMILY = "1,2";
				TEST_HOST = "$(BUILT_PRODUCTS_DIR)/BMI.app/BMI";
			};
			name = Debug;
		};
		77C0BD2C220ADAF800000DC2 /* Release */ = {
			isa = XCBuildConfiguration;
			buildSettings = {
				ALWAYS_EMBED_SWIFT_STANDARD_LIBRARIES = YES;
				BUNDLE_LOADER = "$(TEST_HOST)";
				CODE_SIGN_STYLE = Automatic;
				INFOPLIST_FILE = BMITests/Info.plist;
				LD_RUNPATH_SEARCH_PATHS = (
					"$(inherited)",
					"@executable_path/Frameworks",
					"@loader_path/Frameworks",
				);
				PRODUCT_BUNDLE_IDENTIFIER = com.narongsak.BMITests;
				PRODUCT_NAME = "$(TARGET_NAME)";
				SWIFT_VERSION = 4.2;
				TARGETED_DEVICE_FAMILY = "1,2";
				TEST_HOST = "$(BUILT_PRODUCTS_DIR)/BMI.app/BMI";
			};
			name = Release;
		};
		77C0BD2E220ADAF800000DC2 /* Debug */ = {
			isa = XCBuildConfiguration;
			buildSettings = {
				ALWAYS_EMBED_SWIFT_STANDARD_LIBRARIES = YES;
				CODE_SIGN_STYLE = Automatic;
				INFOPLIST_FILE = BMIUITests/Info.plist;
				LD_RUNPATH_SEARCH_PATHS = (
					"$(inherited)",
					"@executable_path/Frameworks",
					"@loader_path/Frameworks",
				);
				PRODUCT_BUNDLE_IDENTIFIER = com.narongsak.BMIUITests;
				PRODUCT_NAME = "$(TARGET_NAME)";
				SWIFT_VERSION = 4.2;
				TARGETED_DEVICE_FAMILY = "1,2";
				TEST_TARGET_NAME = BMI;
			};
			name = Debug;
		};
		77C0BD2F220ADAF800000DC2 /* Release */ = {
			isa = XCBuildConfiguration;
			buildSettings = {
				ALWAYS_EMBED_SWIFT_STANDARD_LIBRARIES = YES;
				CODE_SIGN_STYLE = Automatic;
				INFOPLIST_FILE = BMIUITests/Info.plist;
				LD_RUNPATH_SEARCH_PATHS = (
					"$(inherited)",
					"@executable_path/Frameworks",
					"@loader_path/Frameworks",
				);
				PRODUCT_BUNDLE_IDENTIFIER = com.narongsak.BMIUITests;
				PRODUCT_NAME = "$(TARGET_NAME)";
				SWIFT_VERSION = 4.2;
				TARGETED_DEVICE_FAMILY = "1,2";
				TEST_TARGET_NAME = BMI;
			};
			name = Release;
		};
/* End XCBuildConfiguration section */

/* Begin XCConfigurationList section */
		77C0BCFA220ADAF500000DC2 /* Build configuration list for PBXProject "BMI" */ = {
			isa = XCConfigurationList;
			buildConfigurations = (
				77C0BD25220ADAF800000DC2 /* Debug */,
				77C0BD26220ADAF800000DC2 /* Release */,
			);
			defaultConfigurationIsVisible = 0;
			defaultConfigurationName = Release;
		};
		77C0BD27220ADAF800000DC2 /* Build configuration list for PBXNativeTarget "BMI" */ = {
			isa = XCConfigurationList;
			buildConfigurations = (
				77C0BD28220ADAF800000DC2 /* Debug */,
				77C0BD29220ADAF800000DC2 /* Release */,
			);
			defaultConfigurationIsVisible = 0;
			defaultConfigurationName = Release;
		};
		77C0BD2A220ADAF800000DC2 /* Build configuration list for PBXNativeTarget "BMITests" */ = {
			isa = XCConfigurationList;
			buildConfigurations = (
				77C0BD2B220ADAF800000DC2 /* Debug */,
				77C0BD2C220ADAF800000DC2 /* Release */,
			);
			defaultConfigurationIsVisible = 0;
			defaultConfigurationName = Release;
		};
		77C0BD2D220ADAF800000DC2 /* Build configuration list for PBXNativeTarget "BMIUITests" */ = {
			isa = XCConfigurationList;
			buildConfigurations = (
				77C0BD2E220ADAF800000DC2 /* Debug */,
				77C0BD2F220ADAF800000DC2 /* Release */,
			);
			defaultConfigurationIsVisible = 0;
			defaultConfigurationName = Release;
		};
/* End XCConfigurationList section */
	};
	rootObject = 77C0BCF7220ADAF500000DC2 /* Project object */;
}
